
Microsoft Visual Studio Solution File, Format Version 12.00
# Visual Studio Version 17
VisualStudioVersion = 17.11.35327.3
MinimumVisualStudioVersion = 10.0.40219.1
Project("{FAE04EC0-301F-11D3-BF4B-00C04F79EFBC}") = "Menu_1", "Menu_1\Menu_1.csproj", "{312FC7D6-D1EC-4A64-9B90-FAB9781919B5}"
EndProject
Global
	GlobalSection(SolutionConfigurationPlatforms) = preSolution
		Debug|Any CPU = Debug|Any CPU
		Release|Any CPU = Release|Any CPU
	EndGlobalSection
	GlobalSection(ProjectConfigurationPlatforms) = postSolution
		{312FC7D6-D1EC-4A64-9B90-FAB9781919B5}.Debug|Any CPU.ActiveCfg = Debug|Any CPU
		{312FC7D6-D1EC-4A64-9B90-FAB9781919B5}.Debug|Any CPU.Build.0 = Debug|Any CPU
		{312FC7D6-D1EC-4A64-9B90-FAB9781919B5}.Release|Any CPU.ActiveCfg = Release|Any CPU
		{312FC7D6-D1EC-4A64-9B90-FAB9781919B5}.Release|Any CPU.Build.0 = Release|Any CPU
	EndGlobalSection
	GlobalSection(SolutionProperties) = preSolution
		HideSolutionNode = FALSE
	EndGlobalSection
	GlobalSection(ExtensibilityGlobals) = postSolution
		SolutionGuid = {781C6217-F8E4-49A4-B2B7-328FF92632DF}
	EndGlobalSection
EndGlobal
